
Microsoft Visual Studio Solution File, Format Version 12.00
# Visual Studio Version 17
VisualStudioVersion = 17.7.34221.43
MinimumVisualStudioVersion = 10.0.40219.1
Project("{9A19103F-16F7-4668-BE54-9A1E7A4F7556}") = "CodeFirstApproach", "CodeFirstApproach.csproj", "{56C9854D-93C0-412B-B1B8-8EAD2DCA9046}"
EndProject
Global
	GlobalSection(SolutionConfigurationPlatforms) = preSolution
		Debug|Any CPU = Debug|Any CPU
		Release|Any CPU = Release|Any CPU
	EndGlobalSection
	GlobalSection(ProjectConfigurationPlatforms) = postSolution
		{56C9854D-93C0-412B-B1B8-8EAD2DCA9046}.Debug|Any CPU.ActiveCfg = Debug|Any CPU
		{56C9854D-93C0-412B-B1B8-8EAD2DCA9046}.Debug|Any CPU.Build.0 = Debug|Any CPU
		{56C9854D-93C0-412B-B1B8-8EAD2DCA9046}.Release|Any CPU.ActiveCfg = Release|Any CPU
		{56C9854D-93C0-412B-B1B8-8EAD2DCA9046}.Release|Any CPU.Build.0 = Release|Any CPU
	EndGlobalSection
	GlobalSection(SolutionProperties) = preSolution
		HideSolutionNode = FALSE
	EndGlobalSection
	GlobalSection(ExtensibilityGlobals) = postSolution
		SolutionGuid = {BAD567EA-D485-4EAB-9F81-0B29C9818B6B}
	EndGlobalSection
EndGlobal
